
Microsoft Visual Studio Solution File, Format Version 12.00
# Visual Studio 15
VisualStudioVersion = 15.0.28307.136
MinimumVisualStudioVersion = 10.0.40219.1
Project("{FAE04EC0-301F-11D3-BF4B-00C04F79EFBC}") = "Salle", "Salle\Salle.csproj", "{968C35BE-968E-422B-9401-5C7A9216401A}"
EndProject
Project("{FAE04EC0-301F-11D3-BF4B-00C04F79EFBC}") = "Cuisine", "Cuisine\Cuisine.csproj", "{C061E93D-161C-411A-ABB9-B2FD52B5759E}"
EndProject
Project("{FAE04EC0-301F-11D3-BF4B-00C04F79EFBC}") = "TDD", "TDD\TDD.csproj", "{71194648-227F-44A4-A861-92650A89EF74}"
EndProject
Global
	GlobalSection(SolutionConfigurationPlatforms) = preSolution
		Debug|Any CPU = Debug|Any CPU
		Release|Any CPU = Release|Any CPU
	EndGlobalSection
	GlobalSection(ProjectConfigurationPlatforms) = postSolution
		{968C35BE-968E-422B-9401-5C7A9216401A}.Debug|Any CPU.ActiveCfg = Debug|Any CPU
		{968C35BE-968E-422B-9401-5C7A9216401A}.Debug|Any CPU.Build.0 = Debug|Any CPU
		{968C35BE-968E-422B-9401-5C7A9216401A}.Release|Any CPU.ActiveCfg = Release|Any CPU
		{968C35BE-968E-422B-9401-5C7A9216401A}.Release|Any CPU.Build.0 = Release|Any CPU
		{C061E93D-161C-411A-ABB9-B2FD52B5759E}.Debug|Any CPU.ActiveCfg = Debug|Any CPU
		{C061E93D-161C-411A-ABB9-B2FD52B5759E}.Debug|Any CPU.Build.0 = Debug|Any CPU
		{C061E93D-161C-411A-ABB9-B2FD52B5759E}.Release|Any CPU.ActiveCfg = Release|Any CPU
		{C061E93D-161C-411A-ABB9-B2FD52B5759E}.Release|Any CPU.Build.0 = Release|Any CPU
		{71194648-227F-44A4-A861-92650A89EF74}.Debug|Any CPU.ActiveCfg = Debug|Any CPU
		{71194648-227F-44A4-A861-92650A89EF74}.Debug|Any CPU.Build.0 = Debug|Any CPU
		{71194648-227F-44A4-A861-92650A89EF74}.Release|Any CPU.ActiveCfg = Release|Any CPU
		{71194648-227F-44A4-A861-92650A89EF74}.Release|Any CPU.Build.0 = Release|Any CPU
	EndGlobalSection
	GlobalSection(SolutionProperties) = preSolution
		HideSolutionNode = FALSE
	EndGlobalSection
	GlobalSection(ExtensibilityGlobals) = postSolution
		SolutionGuid = {5653F257-FE40-48C3-91DA-B0BCB0A4604E}
	EndGlobalSection
EndGlobal
