
Microsoft Visual Studio Solution File, Format Version 12.00
# Visual Studio 15
VisualStudioVersion = 15.0.28010.2050
MinimumVisualStudioVersion = 10.0.40219.1
Project("{FAE04EC0-301F-11D3-BF4B-00C04F79EFBC}") = "Salle", "Salle\Salle.csproj", "{58733176-6263-4DD2-A5C0-1678659B580B}"
EndProject
Project("{FAE04EC0-301F-11D3-BF4B-00C04F79EFBC}") = "Cuisine", "Cuisine\Cuisine.csproj", "{88671203-1C59-4C58-99EF-F36408CBDF79}"
EndProject
Project("{FAE04EC0-301F-11D3-BF4B-00C04F79EFBC}") = "UnitTestProject1", "UnitTestProject1\UnitTestProject1.csproj", "{FA5A5809-5192-4DF1-B23D-0BF87D2671C0}"
EndProject
Global
	GlobalSection(SolutionConfigurationPlatforms) = preSolution
		Debug|Any CPU = Debug|Any CPU
		Release|Any CPU = Release|Any CPU
	EndGlobalSection
	GlobalSection(ProjectConfigurationPlatforms) = postSolution
		{58733176-6263-4DD2-A5C0-1678659B580B}.Debug|Any CPU.ActiveCfg = Debug|Any CPU
		{58733176-6263-4DD2-A5C0-1678659B580B}.Debug|Any CPU.Build.0 = Debug|Any CPU
		{58733176-6263-4DD2-A5C0-1678659B580B}.Release|Any CPU.ActiveCfg = Release|Any CPU
		{58733176-6263-4DD2-A5C0-1678659B580B}.Release|Any CPU.Build.0 = Release|Any CPU
		{88671203-1C59-4C58-99EF-F36408CBDF79}.Debug|Any CPU.ActiveCfg = Debug|Any CPU
		{88671203-1C59-4C58-99EF-F36408CBDF79}.Debug|Any CPU.Build.0 = Debug|Any CPU
		{88671203-1C59-4C58-99EF-F36408CBDF79}.Release|Any CPU.ActiveCfg = Release|Any CPU
		{88671203-1C59-4C58-99EF-F36408CBDF79}.Release|Any CPU.Build.0 = Release|Any CPU
		{FA5A5809-5192-4DF1-B23D-0BF87D2671C0}.Debug|Any CPU.ActiveCfg = Debug|Any CPU
		{FA5A5809-5192-4DF1-B23D-0BF87D2671C0}.Debug|Any CPU.Build.0 = Debug|Any CPU
		{FA5A5809-5192-4DF1-B23D-0BF87D2671C0}.Release|Any CPU.ActiveCfg = Release|Any CPU
		{FA5A5809-5192-4DF1-B23D-0BF87D2671C0}.Release|Any CPU.Build.0 = Release|Any CPU
	EndGlobalSection
	GlobalSection(SolutionProperties) = preSolution
		HideSolutionNode = FALSE
	EndGlobalSection
	GlobalSection(ExtensibilityGlobals) = postSolution
		SolutionGuid = {14A7622F-630B-49EA-8C27-82F38522204A}
	EndGlobalSection
EndGlobal
